
Microsoft Visual Studio Solution File, Format Version 12.00
# Visual Studio Express 2012 for Web
Project("{F2A71F9B-5D33-465A-A702-920D77279786}") = "Kata02", "Kata02\Kata02.fsproj", "{AD41697A-9117-430A-AC77-49EA4A16A32A}"
EndProject
Global
	GlobalSection(SolutionConfigurationPlatforms) = preSolution
		Debug|Any CPU = Debug|Any CPU
		Release|Any CPU = Release|Any CPU
	EndGlobalSection
	GlobalSection(ProjectConfigurationPlatforms) = postSolution
		{AD41697A-9117-430A-AC77-49EA4A16A32A}.Debug|Any CPU.ActiveCfg = Debug|Any CPU
		{AD41697A-9117-430A-AC77-49EA4A16A32A}.Debug|Any CPU.Build.0 = Debug|Any CPU
		{AD41697A-9117-430A-AC77-49EA4A16A32A}.Release|Any CPU.ActiveCfg = Release|Any CPU
		{AD41697A-9117-430A-AC77-49EA4A16A32A}.Release|Any CPU.Build.0 = Release|Any CPU
	EndGlobalSection
	GlobalSection(SolutionProperties) = preSolution
		HideSolutionNode = FALSE
	EndGlobalSection
EndGlobal
